PODS:
  - YYStudio_LoanSDK_All (0.0.2):
    - YYStudio_LoanSDK_All/FaceRecognitionLib (= 0.0.2)
    - YYStudio_LoanSDK_All/QHLoanlib (= 0.0.2)
  - YYStudio_LoanSDK_All/FaceRecognitionLib (0.0.2)
  - YYStudio_LoanSDK_All/QHLoanlib (0.0.2):
    - YYStudio_LoanSDK_All/FaceRecognitionLib

DEPENDENCIES:
  - YYStudio_LoanSDK_All

SPEC REPOS:
  http://10.11.180.29/mobileDevelopers/YZT-Loan-Pod-Spec.git:
    - YYStudio_LoanSDK_All

SPEC CHECKSUMS:
  YYStudio_LoanSDK_All: c31839043870339def955d21ecb79c711e22f4f2

PODFILE CHECKSUM: 741c93b8dac7b0c60bff4cbbb2ddd25b1c05116c

COCOAPODS: 1.5.0
