PODS:
  - YYStudio_LoanSDK (0.0.7)

DEPENDENCIES:
  - YYStudio_LoanSDK

SPEC REPOS:
  http://10.11.180.29/mobileDevelopers/YZT-Loan-Pod-Spec.git:
    - YYStudio_LoanSDK

SPEC CHECKSUMS:
  YYStudio_LoanSDK: 7ebc1794f82f74e4fdf4187b6393bf19063b6f36

PODFILE CHECKSUM: 9a9a684f0a90e28742f237217973e49c124086ca

COCOAPODS: 1.5.0
