// !$*UTF8*$!
{
	archiveVersion = 1;
	classes = {
	};
	objectVersion = 50;
	objects = {

/* Begin PBXBuildFile section */
		5D01D23607C7747669B50715 /* Pods_TestOCPodLib.framework in Frameworks */ = {isa = PBXBuildFile; fileRef = D0F50AFF518117E3840AB01E /* Pods_TestOCPodLib.framework */; };
		9B1AB20C20A5363D00FC9D1E /* AppDelegate.m in Sources */ = {isa = PBXBuildFile; fileRef = 9B1AB20B20A5363D00FC9D1E /* AppDelegate.m */; };
		9B1AB20F20A5363D00FC9D1E /* ViewController.mm in Sources */ = {isa = PBXBuildFile; fileRef = 9B1AB20E20A5363D00FC9D1E /* ViewController.mm */; };
		9B1AB21220A5363D00FC9D1E /* Main.storyboard in Resources */ = {isa = PBXBuildFile; fileRef = 9B1AB21020A5363D00FC9D1E /* Main.storyboard */; };
		9B1AB21420A5363F00FC9D1E /* Assets.xcassets in Resources */ = {isa = PBXBuildFile; fileRef = 9B1AB21320A5363F00FC9D1E /* Assets.xcassets */; };
		9B1AB21720A5363F00FC9D1E /* LaunchScreen.storyboard in Resources */ = {isa = PBXBuildFile; fileRef = 9B1AB21520A5363F00FC9D1E /* LaunchScreen.storyboard */; };
		9B1AB21A20A5363F00FC9D1E /* main.m in Sources */ = {isa = PBXBuildFile; fileRef = 9B1AB21920A5363F00FC9D1E /* main.m */; };
/* End PBXBuildFile section */

/* Begin PBXFileReference section */
		6A3A3E7AE9450432937B4606 /* Pods-TestOCPodLib.release.xcconfig */ = {isa = PBXFileReference; includeInIndex = 1; lastKnownFileType = text.xcconfig; name = "Pods-TestOCPodLib.release.xcconfig"; path = "Pods/Target Support Files/Pods-TestOCPodLib/Pods-TestOCPodLib.release.xcconfig"; sourceTree = "<group>"; };
		9B1AB20720A5363D00FC9D1E /* TestOCPodLib.app */ = {isa = PBXFileReference; explicitFileType = wrapper.application; includeInIndex = 0; path = TestOCPodLib.app; sourceTree = BUILT_PRODUCTS_DIR; };
		9B1AB20A20A5363D00FC9D1E /* AppDelegate.h */ = {isa = PBXFileReference; lastKnownFileType = sourcecode.c.h; path = AppDelegate.h; sourceTree = "<group>"; };
		9B1AB20B20A5363D00FC9D1E /* AppDelegate.m */ = {isa = PBXFileReference; lastKnownFileType = sourcecode.c.objc; path = AppDelegate.m; sourceTree = "<group>"; };
		9B1AB20D20A5363D00FC9D1E /* ViewController.h */ = {isa = PBXFileReference; lastKnownFileType = sourcecode.c.h; path = ViewController.h; sourceTree = "<group>"; };
		9B1AB20E20A5363D00FC9D1E /* ViewController.mm */ = {isa = PBXFileReference; lastKnownFileType = sourcecode.cpp.objcpp; path = ViewController.mm; sourceTree = "<group>"; };
		9B1AB21120A5363D00FC9D1E /* Base */ = {isa = PBXFileReference; lastKnownFileType = file.storyboard; name = Base; path = Base.lproj/Main.storyboard; sourceTree = "<group>"; };
		9B1AB21320A5363F00FC9D1E /* Assets.xcassets */ = {isa = PBXFileReference; lastKnownFileType = folder.assetcatalog; path = Assets.xcassets; sourceTree = "<group>"; };
		9B1AB21620A5363F00FC9D1E /* Base */ = {isa = PBXFileReference; lastKnownFileType = file.storyboard; name = Base; path = Base.lproj/LaunchScreen.storyboard; sourceTree = "<group>"; };
		9B1AB21820A5363F00FC9D1E /* Info.plist */ = {isa = PBXFileReference; lastKnownFileType = text.plist.xml; path = Info.plist; sourceTree = "<group>"; };
		9B1AB21920A5363F00FC9D1E /* main.m */ = {isa = PBXFileReference; lastKnownFileType = sourcecode.c.objc; path = main.m; sourceTree = "<group>"; };
		D0F50AFF518117E3840AB01E /* Pods_TestOCPodLib.framework */ = {isa = PBXFileReference; explicitFileType = wrapper.framework; includeInIndex = 0; path = Pods_TestOCPodLib.framework; sourceTree = BUILT_PRODUCTS_DIR; };
		FB2E7324EB6E474471FE02C9 /* Pods-TestOCPodLib.debug.xcconfig */ = {isa = PBXFileReference; includeInIndex = 1; lastKnownFileType = text.xcconfig; name = "Pods-TestOCPodLib.debug.xcconfig"; path = "Pods/Target Support Files/Pods-TestOCPodLib/Pods-TestOCPodLib.debug.xcconfig"; sourceTree = "<group>"; };
/* End PBXFileReference section */

/* Begin PBXFrameworksBuildPhase section */
		9B1AB20420A5363D00FC9D1E /* Frameworks */ = {
			isa = PBXFrameworksBuildPhase;
			buildActionMask = 2147483647;
			files = (
				5D01D23607C7747669B50715 /* Pods_TestOCPodLib.framework in Frameworks */,
			);
			runOnlyForDeploymentPostprocessing = 0;
		};
/* End PBXFrameworksBuildPhase section */

/* Begin PBXGroup section */
		30340586FB7CB43166DC37C7 /* Frameworks */ = {
			isa = PBXGroup;
			children = (
				D0F50AFF518117E3840AB01E /* Pods_TestOCPodLib.framework */,
			);
			name = Frameworks;
			sourceTree = "<group>";
		};
		9B1AB1FE20A5363D00FC9D1E = {
			isa = PBXGroup;
			children = (
				9B1AB20920A5363D00FC9D1E /* TestOCPodLib */,
				9B1AB20820A5363D00FC9D1E /* Products */,
				DFEE39697D804978334673B8 /* Pods */,
				30340586FB7CB43166DC37C7 /* Frameworks */,
			);
			sourceTree = "<group>";
		};
		9B1AB20820A5363D00FC9D1E /* Products */ = {
			isa = PBXGroup;
			children = (
				9B1AB20720A5363D00FC9D1E /* TestOCPodLib.app */,
			);
			name = Products;
			sourceTree = "<group>";
		};
		9B1AB20920A5363D00FC9D1E /* TestOCPodLib */ = {
			isa = PBXGroup;
			children = (
				9B1AB20A20A5363D00FC9D1E /* AppDelegate.h */,
				9B1AB20B20A5363D00FC9D1E /* AppDelegate.m */,
				9B1AB20D20A5363D00FC9D1E /* ViewController.h */,
				9B1AB20E20A5363D00FC9D1E /* ViewController.mm */,
				9B1AB21020A5363D00FC9D1E /* Main.storyboard */,
				9B1AB21320A5363F00FC9D1E /* Assets.xcassets */,
				9B1AB21520A5363F00FC9D1E /* LaunchScreen.storyboard */,
				9B1AB21820A5363F00FC9D1E /* Info.plist */,
				9B1AB21920A5363F00FC9D1E /* main.m */,
			);
			path = TestOCPodLib;
			sourceTree = "<group>";
		};
		DFEE39697D804978334673B8 /* Pods */ = {
			isa = PBXGroup;
			children = (
				FB2E7324EB6E474471FE02C9 /* Pods-TestOCPodLib.debug.xcconfig */,
				6A3A3E7AE9450432937B4606 /* Pods-TestOCPodLib.release.xcconfig */,
			);
			name = Pods;
			sourceTree = "<group>";
		};
/* End PBXGroup section */

/* Begin PBXNativeTarget section */
		9B1AB20620A5363D00FC9D1E /* TestOCPodLib */ = {
			isa = PBXNativeTarget;
			buildConfigurationList = 9B1AB21D20A5363F00FC9D1E /* Build configuration list for PBXNativeTarget "TestOCPodLib" */;
			buildPhases = (
				F569A00AF24554A0BEF4897D /* [CP] Check Pods Manifest.lock */,
				9B1AB20320A5363D00FC9D1E /* Sources */,
				9B1AB20420A5363D00FC9D1E /* Frameworks */,
				9B1AB20520A5363D00FC9D1E /* Resources */,
				C09A38EF1C45DC67CC515F59 /* [CP] Embed Pods Frameworks */,
			);
			buildRules = (
			);
			dependencies = (
			);
			name = TestOCPodLib;
			productName = TestOCPodLib;
			productReference = 9B1AB20720A5363D00FC9D1E /* TestOCPodLib.app */;
			productType = "com.apple.product-type.application";
		};
/* End PBXNativeTarget section */

/* Begin PBXProject section */
		9B1AB1FF20A5363D00FC9D1E /* Project object */ = {
			isa = PBXProject;
			attributes = {
				LastUpgradeCheck = 0930;
				ORGANIZATIONNAME = Miaoz;
				TargetAttributes = {
					9B1AB20620A5363D00FC9D1E = {
						CreatedOnToolsVersion = 9.3;
					};
				};
			};
			buildConfigurationList = 9B1AB20220A5363D00FC9D1E /* Build configuration list for PBXProject "TestOCPodLib" */;
			compatibilityVersion = "Xcode 9.3";
			developmentRegion = en;
			hasScannedForEncodings = 0;
			knownRegions = (
				en,
				Base,
			);
			mainGroup = 9B1AB1FE20A5363D00FC9D1E;
			productRefGroup = 9B1AB20820A5363D00FC9D1E /* Products */;
			projectDirPath = "";
			projectRoot = "";
			targets = (
				9B1AB20620A5363D00FC9D1E /* TestOCPodLib */,
			);
		};
/* End PBXProject section */

/* Begin PBXResourcesBuildPhase section */
		9B1AB20520A5363D00FC9D1E /* Resources */ = {
			isa = PBXResourcesBuildPhase;
			buildActionMask = 2147483647;
			files = (
				9B1AB21720A5363F00FC9D1E /* LaunchScreen.storyboard in Resources */,
				9B1AB21420A5363F00FC9D1E /* Assets.xcassets in Resources */,
				9B1AB21220A5363D00FC9D1E /* Main.storyboard in Resources */,
			);
			runOnlyForDeploymentPostprocessing = 0;
		};
/* End PBXResourcesBuildPhase section */

/* Begin PBXShellScriptBuildPhase section */
		C09A38EF1C45DC67CC515F59 /* [CP] Embed Pods Frameworks */ = {
			isa = PBXShellScriptBuildPhase;
			buildActionMask = 2147483647;
			files = (
			);
			inputPaths = (
				"${SRCROOT}/Pods/Target Support Files/Pods-TestOCPodLib/Pods-TestOCPodLib-frameworks.sh",
				"${BUILT_PRODUCTS_DIR}/AFNetworking/AFNetworking.framework",
				"${BUILT_PRODUCTS_DIR}/FCUUID/FCUUID.framework",
				"${PODS_ROOT}/Loan_iOS_Custom_Framework/Loan_iOS_Custom_Framework/Loan_OCFTFaceDetect/Loan_OCFTFaceDetect/OCFTFaceDetect.framework",
				"${BUILT_PRODUCTS_DIR}/MBProgressHUD/MBProgressHUD.framework",
				"${BUILT_PRODUCTS_DIR}/Masonry/Masonry.framework",
				"${BUILT_PRODUCTS_DIR}/TMCache/TMCache.framework",
				"${BUILT_PRODUCTS_DIR}/UICKeyChainStore/UICKeyChainStore.framework",
				"${BUILT_PRODUCTS_DIR}/YYModel/YYModel.framework",
				"${BUILT_PRODUCTS_DIR}/YYStudio_ACFaceCheckSDK/YYStudio_ACFaceCheckSDK.framework",
				"${BUILT_PRODUCTS_DIR}/YYStudio_LoanSDK/YYStudio_LoanSDK.framework",
			);
			name = "[CP] Embed Pods Frameworks";
			outputPaths = (
				"${TARGET_BUILD_DIR}/${FRAMEWORKS_FOLDER_PATH}/AFNetworking.framework",
				"${TARGET_BUILD_DIR}/${FRAMEWORKS_FOLDER_PATH}/FCUUID.framework",
				"${TARGET_BUILD_DIR}/${FRAMEWORKS_FOLDER_PATH}/OCFTFaceDetect.framework",
				"${TARGET_BUILD_DIR}/${FRAMEWORKS_FOLDER_PATH}/MBProgressHUD.framework",
				"${TARGET_BUILD_DIR}/${FRAMEWORKS_FOLDER_PATH}/Masonry.framework",
				"${TARGET_BUILD_DIR}/${FRAMEWORKS_FOLDER_PATH}/TMCache.framework",
				"${TARGET_BUILD_DIR}/${FRAMEWORKS_FOLDER_PATH}/UICKeyChainStore.framework",
				"${TARGET_BUILD_DIR}/${FRAMEWORKS_FOLDER_PATH}/YYModel.framework",
				"${TARGET_BUILD_DIR}/${FRAMEWORKS_FOLDER_PATH}/YYStudio_ACFaceCheckSDK.framework",
				"${TARGET_BUILD_DIR}/${FRAMEWORKS_FOLDER_PATH}/YYStudio_LoanSDK.framework",
			);
			runOnlyForDeploymentPostprocessing = 0;
			shellPath = /bin/sh;
			shellScript = "\"${SRCROOT}/Pods/Target Support Files/Pods-TestOCPodLib/Pods-TestOCPodLib-frameworks.sh\"\n";
			showEnvVarsInLog = 0;
		};
		F569A00AF24554A0BEF4897D /* [CP] Check Pods Manifest.lock */ = {
			isa = PBXShellScriptBuildPhase;
			buildActionMask = 2147483647;
			files = (
			);
			inputPaths = (
				"${PODS_PODFILE_DIR_PATH}/Podfile.lock",
				"${PODS_ROOT}/Manifest.lock",
			);
			name = "[CP] Check Pods Manifest.lock";
			outputPaths = (
				"$(DERIVED_FILE_DIR)/Pods-TestOCPodLib-checkManifestLockResult.txt",
			);
			runOnlyForDeploymentPostprocessing = 0;
			shellPath = /bin/sh;
			shellScript = "diff \"${PODS_PODFILE_DIR_PATH}/Podfile.lock\" \"${PODS_ROOT}/Manifest.lock\" > /dev/null\nif [ $? != 0 ] ; then\n    # print error to STDERR\n    echo \"error: The sandbox is not in sync with the Podfile.lock. Run 'pod install' or update your CocoaPods installation.\" >&2\n    exit 1\nfi\n# This output is used by Xcode 'outputs' to avoid re-running this script phase.\necho \"SUCCESS\" > \"${SCRIPT_OUTPUT_FILE_0}\"\n";
			showEnvVarsInLog = 0;
		};
/* End PBXShellScriptBuildPhase section */

/* Begin PBXSourcesBuildPhase section */
		9B1AB20320A5363D00FC9D1E /* Sources */ = {
			isa = PBXSourcesBuildPhase;
			buildActionMask = 2147483647;
			files = (
				9B1AB20F20A5363D00FC9D1E /* ViewController.mm in Sources */,
				9B1AB21A20A5363F00FC9D1E /* main.m in Sources */,
				9B1AB20C20A5363D00FC9D1E /* AppDelegate.m in Sources */,
			);
			runOnlyForDeploymentPostprocessing = 0;
		};
/* End PBXSourcesBuildPhase section */

/* Begin PBXVariantGroup section */
		9B1AB21020A5363D00FC9D1E /* Main.storyboard */ = {
			isa = PBXVariantGroup;
			children = (
				9B1AB21120A5363D00FC9D1E /* Base */,
			);
			name = Main.storyboard;
			sourceTree = "<group>";
		};
		9B1AB21520A5363F00FC9D1E /* LaunchScreen.storyboard */ = {
			isa = PBXVariantGroup;
			children = (
				9B1AB21620A5363F00FC9D1E /* Base */,
			);
			name = LaunchScreen.storyboard;
			sourceTree = "<group>";
		};
/* End PBXVariantGroup section */

/* Begin XCBuildConfiguration section */
		9B1AB21B20A5363F00FC9D1E /* Debug */ = {
			isa = XCBuildConfiguration;
			buildSettings = {
				ALWAYS_SEARCH_USER_PATHS = NO;
				CLANG_ANALYZER_NONNULL = YES;
				CLANG_ANALYZER_NUMBER_OBJECT_CONVERSION = YES_AGGRESSIVE;
				CLANG_CXX_LANGUAGE_STANDARD = "gnu++14";
				CLANG_CXX_LIBRARY = "libc++";
				CLANG_ENABLE_MODULES = YES;
				CLANG_ENABLE_OBJC_ARC = YES;
				CLANG_ENABLE_OBJC_WEAK = YES;
				CLANG_WARN_BLOCK_CAPTURE_AUTORELEASING = YES;
				CLANG_WARN_BOOL_CONVERSION = YES;
				CLANG_WARN_COMMA = YES;
				CLANG_WARN_CONSTANT_CONVERSION = YES;
				CLANG_WARN_DEPRECATED_OBJC_IMPLEMENTATIONS = YES;
				CLANG_WARN_DIRECT_OBJC_ISA_USAGE = YES_ERROR;
				CLANG_WARN_DOCUMENTATION_COMMENTS = YES;
				CLANG_WARN_EMPTY_BODY = YES;
				CLANG_WARN_ENUM_CONVERSION = YES;
				CLANG_WARN_INFINITE_RECURSION = YES;
				CLANG_WARN_INT_CONVERSION = YES;
				CLANG_WARN_NON_LITERAL_NULL_CONVERSION = YES;
				CLANG_WARN_OBJC_IMPLICIT_RETAIN_SELF = YES;
				CLANG_WARN_OBJC_LITERAL_CONVERSION = YES;
				CLANG_WARN_OBJC_ROOT_CLASS = YES_ERROR;
				CLANG_WARN_RANGE_LOOP_ANALYSIS = YES;
				CLANG_WARN_STRICT_PROTOTYPES = YES;
				CLANG_WARN_SUSPICIOUS_MOVE = YES;
				CLANG_WARN_UNGUARDED_AVAILABILITY = YES_AGGRESSIVE;
				CLANG_WARN_UNREACHABLE_CODE = YES;
				CLANG_WARN__DUPLICATE_METHOD_MATCH = YES;
				CODE_SIGN_IDENTITY = "iPhone Developer";
				COPY_PHASE_STRIP = NO;
				DEBUG_INFORMATION_FORMAT = dwarf;
				ENABLE_STRICT_OBJC_MSGSEND = YES;
				ENABLE_TESTABILITY = YES;
				GCC_C_LANGUAGE_STANDARD = gnu11;
				GCC_DYNAMIC_NO_PIC = NO;
				GCC_NO_COMMON_BLOCKS = YES;
				GCC_OPTIMIZATION_LEVEL = 0;
				GCC_PREPROCESSOR_DEFINITIONS = (
					"DEBUG=1",
					"$(inherited)",
				);
				GCC_WARN_64_TO_32_BIT_CONVERSION = YES;
				GCC_WARN_ABOUT_RETURN_TYPE = YES_ERROR;
				GCC_WARN_UNDECLARED_SELECTOR = YES;
				GCC_WARN_UNINITIALIZED_AUTOS = YES_AGGRESSIVE;
				GCC_WARN_UNUSED_FUNCTION = YES;
				GCC_WARN_UNUSED_VARIABLE = YES;
				IPHONEOS_DEPLOYMENT_TARGET = 11.3;
				MTL_ENABLE_DEBUG_INFO = YES;
				ONLY_ACTIVE_ARCH = YES;
				SDKROOT = iphoneos;
			};
			name = Debug;
		};
		9B1AB21C20A5363F00FC9D1E /* Release */ = {
			isa = XCBuildConfiguration;
			buildSettings = {
				ALWAYS_SEARCH_USER_PATHS = NO;
				CLANG_ANALYZER_NONNULL = YES;
				CLANG_ANALYZER_NUMBER_OBJECT_CONVERSION = YES_AGGRESSIVE;
				CLANG_CXX_LANGUAGE_STANDARD = "gnu++14";
				CLANG_CXX_LIBRARY = "libc++";
				CLANG_ENABLE_MODULES = YES;
				CLANG_ENABLE_OBJC_ARC = YES;
				CLANG_ENABLE_OBJC_WEAK = YES;
				CLANG_WARN_BLOCK_CAPTURE_AUTORELEASING = YES;
				CLANG_WARN_BOOL_CONVERSION = YES;
				CLANG_WARN_COMMA = YES;
				CLANG_WARN_CONSTANT_CONVERSION = YES;
				CLANG_WARN_DEPRECATED_OBJC_IMPLEMENTATIONS = YES;
				CLANG_WARN_DIRECT_OBJC_ISA_USAGE = YES_ERROR;
				CLANG_WARN_DOCUMENTATION_COMMENTS = YES;
				CLANG_WARN_EMPTY_BODY = YES;
				CLANG_WARN_ENUM_CONVERSION = YES;
				CLANG_WARN_INFINITE_RECURSION = YES;
				CLANG_WARN_INT_CONVERSION = YES;
				CLANG_WARN_NON_LITERAL_NULL_CONVERSION = YES;
				CLANG_WARN_OBJC_IMPLICIT_RETAIN_SELF = YES;
				CLANG_WARN_OBJC_LITERAL_CONVERSION = YES;
				CLANG_WARN_OBJC_ROOT_CLASS = YES_ERROR;
				CLANG_WARN_RANGE_LOOP_ANALYSIS = YES;
				CLANG_WARN_STRICT_PROTOTYPES = YES;
				CLANG_WARN_SUSPICIOUS_MOVE = YES;
				CLANG_WARN_UNGUARDED_AVAILABILITY = YES_AGGRESSIVE;
				CLANG_WARN_UNREACHABLE_CODE = YES;
				CLANG_WARN__DUPLICATE_METHOD_MATCH = YES;
				CODE_SIGN_IDENTITY = "iPhone Developer";
				COPY_PHASE_STRIP = NO;
				DEBUG_INFORMATION_FORMAT = "dwarf-with-dsym";
				ENABLE_NS_ASSERTIONS = NO;
				ENABLE_STRICT_OBJC_MSGSEND = YES;
				GCC_C_LANGUAGE_STANDARD = gnu11;
				GCC_NO_COMMON_BLOCKS = YES;
				GCC_WARN_64_TO_32_BIT_CONVERSION = YES;
				GCC_WARN_ABOUT_RETURN_TYPE = YES_ERROR;
				GCC_WARN_UNDECLARED_SELECTOR = YES;
				GCC_WARN_UNINITIALIZED_AUTOS = YES_AGGRESSIVE;
				GCC_WARN_UNUSED_FUNCTION = YES;
				GCC_WARN_UNUSED_VARIABLE = YES;
				IPHONEOS_DEPLOYMENT_TARGET = 11.3;
				MTL_ENABLE_DEBUG_INFO = NO;
				SDKROOT = iphoneos;
				VALIDATE_PRODUCT = YES;
			};
			name = Release;
		};
		9B1AB21E20A5363F00FC9D1E /* Debug */ = {
			isa = XCBuildConfiguration;
			baseConfigurationReference = FB2E7324EB6E474471FE02C9 /* Pods-TestOCPodLib.debug.xcconfig */;
			buildSettings = {
				ASSETCATALOG_COMPILER_APPICON_NAME = AppIcon;
				CODE_SIGN_IDENTITY = "iPhone Developer: huang shiguang (P4M8L4H7K2)";
				CODE_SIGN_STYLE = Manual;
				DEVELOPMENT_TEAM = 5P7EY8HPBE;
				ENABLE_BITCODE = NO;
				INFOPLIST_FILE = TestOCPodLib/Info.plist;
				LD_RUNPATH_SEARCH_PATHS = "$(inherited) @executable_path/Frameworks";
				PRODUCT_BUNDLE_IDENTIFIER = cn.com.PersonalCenter;
				PRODUCT_NAME = "$(TARGET_NAME)";
				PROVISIONING_PROFILE = "eb5ad6d0-c096-421a-b632-9d22b64566e2";
				PROVISIONING_PROFILE_SPECIFIER = devPersonalCenter;
				TARGETED_DEVICE_FAMILY = "1,2";
			};
			name = Debug;
		};
		9B1AB21F20A5363F00FC9D1E /* Release */ = {
			isa = XCBuildConfiguration;
			baseConfigurationReference = 6A3A3E7AE9450432937B4606 /* Pods-TestOCPodLib.release.xcconfig */;
			buildSettings = {
				ASSETCATALOG_COMPILER_APPICON_NAME = AppIcon;
				CODE_SIGN_IDENTITY = "iPhone Developer: huang shiguang (P4M8L4H7K2)";
				CODE_SIGN_STYLE = Manual;
				DEVELOPMENT_TEAM = "";
				ENABLE_BITCODE = NO;
				INFOPLIST_FILE = TestOCPodLib/Info.plist;
				LD_RUNPATH_SEARCH_PATHS = "$(inherited) @executable_path/Frameworks";
				PRODUCT_BUNDLE_IDENTIFIER = cn.com.PersonalCenter;
				PRODUCT_NAME = "$(TARGET_NAME)";
				PROVISIONING_PROFILE_SPECIFIER = "";
				TARGETED_DEVICE_FAMILY = "1,2";
			};
			name = Release;
		};
/* End XCBuildConfiguration section */

/* Begin XCConfigurationList section */
		9B1AB20220A5363D00FC9D1E /* Build configuration list for PBXProject "TestOCPodLib" */ = {
			isa = XCConfigurationList;
			buildConfigurations = (
				9B1AB21B20A5363F00FC9D1E /* Debug */,
				9B1AB21C20A5363F00FC9D1E /* Release */,
			);
			defaultConfigurationIsVisible = 0;
			defaultConfigurationName = Release;
		};
		9B1AB21D20A5363F00FC9D1E /* Build configuration list for PBXNativeTarget "TestOCPodLib" */ = {
			isa = XCConfigurationList;
			buildConfigurations = (
				9B1AB21E20A5363F00FC9D1E /* Debug */,
				9B1AB21F20A5363F00FC9D1E /* Release */,
			);
			defaultConfigurationIsVisible = 0;
			defaultConfigurationName = Release;
		};
/* End XCConfigurationList section */
	};
	rootObject = 9B1AB1FF20A5363D00FC9D1E /* Project object */;
}
